
Microsoft Visual Studio Solution File, Format Version 12.00
# Visual Studio 2017
Project("{FAE04EC0-301F-11D3-BF4B-00C04F79EFBC}") = "BallStickingOnBlock", "BallStickingOnBlock.csproj", "{AC415C80-C180-4EA9-50EC-2BCA4F5FAA83}"
EndProject
Global
	GlobalSection(SolutionConfigurationPlatforms) = preSolution
		Debug|Any CPU = Debug|Any CPU
		Release|Any CPU = Release|Any CPU
	EndGlobalSection
	GlobalSection(ProjectConfigurationPlatforms) = postSolution
		{AC415C80-C180-4EA9-50EC-2BCA4F5FAA83}.Debug|Any CPU.ActiveCfg = Debug|Any CPU
		{AC415C80-C180-4EA9-50EC-2BCA4F5FAA83}.Debug|Any CPU.Build.0 = Debug|Any CPU
		{AC415C80-C180-4EA9-50EC-2BCA4F5FAA83}.Release|Any CPU.ActiveCfg = Release|Any CPU
		{AC415C80-C180-4EA9-50EC-2BCA4F5FAA83}.Release|Any CPU.Build.0 = Release|Any CPU
	EndGlobalSection
	GlobalSection(SolutionProperties) = preSolution
		HideSolutionNode = FALSE
	EndGlobalSection
EndGlobal
